{
    "name": "test",
    "version": "1.0.0",
    "lockfileVersion": 3,
    "requires": true,
    "packages": {
        "": {
            "name": "test",
            "version": "1.0.0",
            "dependencies": {
                "everpocket-nodejs-contract": "file:../../dist",
                "hotpocket-nodejs-contract": "0.7.4"
            },
            "devDependencies": {
                "@vercel/ncc": "0.34.0"
            }
        },
        "../../dist": {},
        "node_modules/@vercel/ncc": {
            "version": "0.34.0",
            "resolved": "https://registry.npmjs.org/@vercel/ncc/-/ncc-0.34.0.tgz",
            "integrity": "sha512-G9h5ZLBJ/V57Ou9vz5hI8pda/YQX5HQszCs3AmIus3XzsmRn/0Ptic5otD3xVST8QLKk7AMk7AqpsyQGN7MZ9A==",
            "dev": true,
            "bin": {
                "ncc": "dist/ncc/cli.js"
            }
        },
        "node_modules/everpocket-nodejs-contract": {
            "resolved": "../../dist",
            "link": true
        },
        "node_modules/hotpocket-nodejs-contract": {
            "version": "0.7.4",
            "resolved": "https://registry.npmjs.org/hotpocket-nodejs-contract/-/hotpocket-nodejs-contract-0.7.4.tgz",
            "integrity": "sha512-rLCZm1bWoqV5j+xUFbnWF6XWurO5D43dus9h4SRftusO52n4GOdMsHmFIW7kezXGsHCre9iLzFl0R33aZ9/nSg=="
        }
    }
}
